github.com/bahlo/generic-list-go v0.2.0 h1:5sz/EEAK+ls5wF+NeqDpk5+iNdMDXrh3z3nPnH1Wvgk=
github.com/bahlo/generic-list-go v0.2.0/go.mod h1:2KvAjgMlE5NNynlg/5iLrrCCZ2+5xWbdbCW3pNTGyYg=
github.com/buger/jsonparser v1.1.1 h1:2PnMjfWD7wBILjqQbt530v576A/cAbQvEW9gGIpYMUs=
github.com/buger/jsonparser v1.1.1/go.mod h1:6RYKKt7H4d4+iWqouImQ9R2FZql3VbhNgx27UK13J/0=
github.com/josharian/intern v1.0.0/go.mod h1:5DoeVV0s6jJacbCEi61lwdGj/aVlrQvzHFFd8Hwg//Y=
github.com/mailru/easyjson v0.7.7 h1:UGYAvKxe3sBsEDzO8ZeWOSlIQfWFlxbzLZe7hwFURr0=
github.com/mailru/easyjson v0.7.7/go.mod h1:xzfreul335JAWq5oZzymOObrkdz5UnU4kGfJJLY9Nlc=
github.com/matheusoliveira/go-ordered-map v0.2.0 h1:sZrRbKFm2ua0F/WelkdxaCsAi9KlPy7514X/Ga5+Srk=
github.com/matheusoliveira/go-ordered-map v0.2.0/go.mod h1:cUEgFKuM3PhY1/kNtWI3qRGj/DRTSylD3lhMIpntf/g=
github.com/petar/GoLLRB v0.0.0-20210522233825-ae3b015fd3e9 h1:1/WtZae0yGtPq+TI6+Tv1WTxkukpXeMlviSxvL7SRgk=
github.com/petar/GoLLRB v0.0.0-20210522233825-ae3b015fd3e9/go.mod h1:x3N5drFsm2uilKKuuYo6LdyD8vZAW55sH/9w+pbo1sw=
github.com/secnot/orderedmap v0.0.0-20170705091748-a05363cca499 h1:kUHtr4YDm7xYD3NXTNT7PNs58vtpSCuItmIKKG3DUIQ=
github.com/secnot/orderedmap v0.0.0-20170705091748-a05363cca499/go.mod h1:Me83cZu55udpnaC7u/FA/Rtk59MPZOCjNgo5TiUJ2Lw=
github.com/tidwall/btree v1.6.0 h1:LDZfKfQIBHGHWSwckhXI0RPSXzlo+KYdjK7FWSqOzzg=
github.com/tidwall/btree v1.6.0/go.mod h1:twD9XRA5jj9VUQGELzDO4HPQTNJsoWWfYEL+EUQ2cKY=
github.com/wk8/go-ordered-map/v2 v2.1.8 h1:5h/BUHu93oj4gIdvHHHGsScSTMijfx5PeYkE/fJgbpc=
github.com/wk8/go-ordered-map/v2 v2.1.8/go.mod h1:5nJHM5DyteebpVlHnWMV0rPz6Zp7+xBAnxjb1X5vnTw=
gopkg.in/check.v1 v0.0.0-20161208181325-20d25e280405/go.mod h1:Co6ibVJAznAaIkqp8huTwlJQCZ016jof/cbN4VW5Yz0=
gopkg.in/yaml.v3 v3.0.1 h1:fxVm/GzAzEWqLHuvctI91KS9hhNmmWOoWu0XTYJS7CA=
gopkg.in/yaml.v3 v3.0.1/go.mod h1:K4uyk7z7BCEPqu6E+C64Yfv1cQ7kz7rIZviUmN+EgEM=
